
Microsoft Visual Studio Solution File, Format Version 12.00
# Visual Studio Version 17
VisualStudioVersion = 17.5.002.0
MinimumVisualStudioVersion = 10.0.40219.1
Project("{9A19103F-16F7-4668-BE54-9A1E7A4F7556}") = "LibraryManagementSystem", "LibraryManagementSystem.csproj", "{B9C2CE30-BA40-40CB-B350-C00A8DB15EBF}"
EndProject
Global
	GlobalSection(SolutionConfigurationPlatforms) = preSolution
		Debug|Any CPU = Debug|Any CPU
		Release|Any CPU = Release|Any CPU
	EndGlobalSection
	GlobalSection(ProjectConfigurationPlatforms) = postSolution
		{B9C2CE30-BA40-40CB-B350-C00A8DB15EBF}.Debug|Any CPU.ActiveCfg = Debug|Any CPU
		{B9C2CE30-BA40-40CB-B350-C00A8DB15EBF}.Debug|Any CPU.Build.0 = Debug|Any CPU
		{B9C2CE30-BA40-40CB-B350-C00A8DB15EBF}.Release|Any CPU.ActiveCfg = Release|Any CPU
		{B9C2CE30-BA40-40CB-B350-C00A8DB15EBF}.Release|Any CPU.Build.0 = Release|Any CPU
	EndGlobalSection
	GlobalSection(SolutionProperties) = preSolution
		HideSolutionNode = FALSE
	EndGlobalSection
	GlobalSection(ExtensibilityGlobals) = postSolution
		SolutionGuid = {D273103C-E1AF-45E7-82D9-D4F73F33237E}
	EndGlobalSection
EndGlobal
